PODS:
  - CustomTableView (0.1.0):
    - DinoComponents (~> 0.1.0)
    - DinoData (~> 0.1.0)
  - DinoComponents (0.1.0)
  - DinoData (0.1.0)

DEPENDENCIES:
  - CustomTableView (from `Modules/CustomTableView`)
  - DinoComponents (from `Modules/DinoComponents`)
  - DinoData (from `Modules/DinoData`)

EXTERNAL SOURCES:
  CustomTableView:
    :path: Modules/CustomTableView
  DinoComponents:
    :path: Modules/DinoComponents
  DinoData:
    :path: Modules/DinoData

SPEC CHECKSUMS:
  CustomTableView: 5174dc73ffa9e4b6bc7af4febdc6ddaf6eb4bdb0
  DinoComponents: 97022a7cc5318fa4762acc4d37bd576ee7f95023
  DinoData: 1fc551c1785aea900b861069582817810d968da0

PODFILE CHECKSUM: 4dfbe52e51448b229237fcfc246b5466c6299f80

COCOAPODS: 1.10.2
